
Microsoft Visual Studio Solution File, Format Version 12.00
# Visual Studio Version 17
VisualStudioVersion = 17.0.31903.59
MinimumVisualStudioVersion = 10.0.40219.1
Project("{2150E333-8FDC-42A3-9474-1A3956D46DE8}") = "src", "src", "{827E0CD3-B72D-47B6-A68D-7590B98EB39B}"
EndProject
Project("{FAE04EC0-301F-11D3-BF4B-00C04F79EFBC}") = "Api", "src\Api\Api.csproj", "{9B8607AC-1020-4ECB-83FA-B142E2C90211}"
EndProject
Project("{2150E333-8FDC-42A3-9474-1A3956D46DE8}") = "tests", "tests", "{0AB3BF05-4346-4AA6-1389-037BE0695223}"
EndProject
Project("{FAE04EC0-301F-11D3-BF4B-00C04F79EFBC}") = "Application.Tests.Unit", "tests\Application.Tests.Unit\Application.Tests.Unit.csproj", "{A9874EC5-3627-491A-AE07-09D4EBA63106}"
EndProject
Project("{FAE04EC0-301F-11D3-BF4B-00C04F79EFBC}") = "Infrastructure.Tests.Integration", "tests\Infrastructure.Tests.Integration\Infrastructure.Tests.Integration.csproj", "{15C0A049-2241-4236-9823-E633AE3AAB95}"
EndProject
Project("{FAE04EC0-301F-11D3-BF4B-00C04F79EFBC}") = "Presentation.Tests.Integration", "tests\Presentation.Tests.Integration\Presentation.Tests.Integration.csproj", "{EBE9FCA6-5C41-4E7B-8CC6-561D032163B5}"
EndProject
Project("{FAE04EC0-301F-11D3-BF4B-00C04F79EFBC}") = "Domain", "src\Domain\Domain.csproj", "{F7B2A295-5C33-4D4A-B02F-D6642FDFFD48}"
EndProject
Project("{FAE04EC0-301F-11D3-BF4B-00C04F79EFBC}") = "Application", "src\Application\Application.csproj", "{F43679C3-8A4D-4A75-AB35-DB62592A1F7F}"
EndProject
Project("{FAE04EC0-301F-11D3-BF4B-00C04F79EFBC}") = "Infrastructure", "src\Infrastructure\Infrastructure.csproj", "{5D085972-34EC-478B-AEAD-9531C01484DB}"
EndProject
Project("{FAE04EC0-301F-11D3-BF4B-00C04F79EFBC}") = "ServiceDefaults", "src\ServiceDefaults\ServiceDefaults.csproj", "{33C308F0-CE93-4A94-B696-8142E08585AF}"
EndProject
Global
	GlobalSection(SolutionConfigurationPlatforms) = preSolution
		Debug|Any CPU = Debug|Any CPU
		Debug|x64 = Debug|x64
		Debug|x86 = Debug|x86
		Release|Any CPU = Release|Any CPU
		Release|x64 = Release|x64
		Release|x86 = Release|x86
	EndGlobalSection
	GlobalSection(ProjectConfigurationPlatforms) = postSolution
		{9B8607AC-1020-4ECB-83FA-B142E2C90211}.Debug|Any CPU.ActiveCfg = Debug|Any CPU
		{9B8607AC-1020-4ECB-83FA-B142E2C90211}.Debug|Any CPU.Build.0 = Debug|Any CPU
		{9B8607AC-1020-4ECB-83FA-B142E2C90211}.Debug|x64.ActiveCfg = Debug|Any CPU
		{9B8607AC-1020-4ECB-83FA-B142E2C90211}.Debug|x64.Build.0 = Debug|Any CPU
		{9B8607AC-1020-4ECB-83FA-B142E2C90211}.Debug|x86.ActiveCfg = Debug|Any CPU
		{9B8607AC-1020-4ECB-83FA-B142E2C90211}.Debug|x86.Build.0 = Debug|Any CPU
		{9B8607AC-1020-4ECB-83FA-B142E2C90211}.Release|Any CPU.ActiveCfg = Release|Any CPU
		{9B8607AC-1020-4ECB-83FA-B142E2C90211}.Release|Any CPU.Build.0 = Release|Any CPU
		{9B8607AC-1020-4ECB-83FA-B142E2C90211}.Release|x64.ActiveCfg = Release|Any CPU
		{9B8607AC-1020-4ECB-83FA-B142E2C90211}.Release|x64.Build.0 = Release|Any CPU
		{9B8607AC-1020-4ECB-83FA-B142E2C90211}.Release|x86.ActiveCfg = Release|Any CPU
		{9B8607AC-1020-4ECB-83FA-B142E2C90211}.Release|x86.Build.0 = Release|Any CPU
		{A9874EC5-3627-491A-AE07-09D4EBA63106}.Debug|Any CPU.ActiveCfg = Debug|Any CPU
		{A9874EC5-3627-491A-AE07-09D4EBA63106}.Debug|Any CPU.Build.0 = Debug|Any CPU
		{A9874EC5-3627-491A-AE07-09D4EBA63106}.Debug|x64.ActiveCfg = Debug|Any CPU
		{A9874EC5-3627-491A-AE07-09D4EBA63106}.Debug|x64.Build.0 = Debug|Any CPU
		{A9874EC5-3627-491A-AE07-09D4EBA63106}.Debug|x86.ActiveCfg = Debug|Any CPU
		{A9874EC5-3627-491A-AE07-09D4EBA63106}.Debug|x86.Build.0 = Debug|Any CPU
		{A9874EC5-3627-491A-AE07-09D4EBA63106}.Release|Any CPU.ActiveCfg = Release|Any CPU
		{A9874EC5-3627-491A-AE07-09D4EBA63106}.Release|Any CPU.Build.0 = Release|Any CPU
		{A9874EC5-3627-491A-AE07-09D4EBA63106}.Release|x64.ActiveCfg = Release|Any CPU
		{A9874EC5-3627-491A-AE07-09D4EBA63106}.Release|x64.Build.0 = Release|Any CPU
		{A9874EC5-3627-491A-AE07-09D4EBA63106}.Release|x86.ActiveCfg = Release|Any CPU
		{A9874EC5-3627-491A-AE07-09D4EBA63106}.Release|x86.Build.0 = Release|Any CPU
		{15C0A049-2241-4236-9823-E633AE3AAB95}.Debug|Any CPU.ActiveCfg = Debug|Any CPU
		{15C0A049-2241-4236-9823-E633AE3AAB95}.Debug|Any CPU.Build.0 = Debug|Any CPU
		{15C0A049-2241-4236-9823-E633AE3AAB95}.Debug|x64.ActiveCfg = Debug|Any CPU
		{15C0A049-2241-4236-9823-E633AE3AAB95}.Debug|x64.Build.0 = Debug|Any CPU
		{15C0A049-2241-4236-9823-E633AE3AAB95}.Debug|x86.ActiveCfg = Debug|Any CPU
		{15C0A049-2241-4236-9823-E633AE3AAB95}.Debug|x86.Build.0 = Debug|Any CPU
		{15C0A049-2241-4236-9823-E633AE3AAB95}.Release|Any CPU.ActiveCfg = Release|Any CPU
		{15C0A049-2241-4236-9823-E633AE3AAB95}.Release|Any CPU.Build.0 = Release|Any CPU
		{15C0A049-2241-4236-9823-E633AE3AAB95}.Release|x64.ActiveCfg = Release|Any CPU
		{15C0A049-2241-4236-9823-E633AE3AAB95}.Release|x64.Build.0 = Release|Any CPU
		{15C0A049-2241-4236-9823-E633AE3AAB95}.Release|x86.ActiveCfg = Release|Any CPU
		{15C0A049-2241-4236-9823-E633AE3AAB95}.Release|x86.Build.0 = Release|Any CPU
		{EBE9FCA6-5C41-4E7B-8CC6-561D032163B5}.Debug|Any CPU.ActiveCfg = Debug|Any CPU
		{EBE9FCA6-5C41-4E7B-8CC6-561D032163B5}.Debug|Any CPU.Build.0 = Debug|Any CPU
		{EBE9FCA6-5C41-4E7B-8CC6-561D032163B5}.Debug|x64.ActiveCfg = Debug|Any CPU
		{EBE9FCA6-5C41-4E7B-8CC6-561D032163B5}.Debug|x64.Build.0 = Debug|Any CPU
		{EBE9FCA6-5C41-4E7B-8CC6-561D032163B5}.Debug|x86.ActiveCfg = Debug|Any CPU
		{EBE9FCA6-5C41-4E7B-8CC6-561D032163B5}.Debug|x86.Build.0 = Debug|Any CPU
		{EBE9FCA6-5C41-4E7B-8CC6-561D032163B5}.Release|Any CPU.ActiveCfg = Release|Any CPU
		{EBE9FCA6-5C41-4E7B-8CC6-561D032163B5}.Release|Any CPU.Build.0 = Release|Any CPU
		{EBE9FCA6-5C41-4E7B-8CC6-561D032163B5}.Release|x64.ActiveCfg = Release|Any CPU
		{EBE9FCA6-5C41-4E7B-8CC6-561D032163B5}.Release|x64.Build.0 = Release|Any CPU
		{EBE9FCA6-5C41-4E7B-8CC6-561D032163B5}.Release|x86.ActiveCfg = Release|Any CPU
		{EBE9FCA6-5C41-4E7B-8CC6-561D032163B5}.Release|x86.Build.0 = Release|Any CPU
		{F7B2A295-5C33-4D4A-B02F-D6642FDFFD48}.Debug|Any CPU.ActiveCfg = Debug|Any CPU
		{F7B2A295-5C33-4D4A-B02F-D6642FDFFD48}.Debug|Any CPU.Build.0 = Debug|Any CPU
		{F7B2A295-5C33-4D4A-B02F-D6642FDFFD48}.Debug|x64.ActiveCfg = Debug|Any CPU
		{F7B2A295-5C33-4D4A-B02F-D6642FDFFD48}.Debug|x64.Build.0 = Debug|Any CPU
		{F7B2A295-5C33-4D4A-B02F-D6642FDFFD48}.Debug|x86.ActiveCfg = Debug|Any CPU
		{F7B2A295-5C33-4D4A-B02F-D6642FDFFD48}.Debug|x86.Build.0 = Debug|Any CPU
		{F7B2A295-5C33-4D4A-B02F-D6642FDFFD48}.Release|Any CPU.ActiveCfg = Release|Any CPU
		{F7B2A295-5C33-4D4A-B02F-D6642FDFFD48}.Release|Any CPU.Build.0 = Release|Any CPU
		{F7B2A295-5C33-4D4A-B02F-D6642FDFFD48}.Release|x64.ActiveCfg = Release|Any CPU
		{F7B2A295-5C33-4D4A-B02F-D6642FDFFD48}.Release|x64.Build.0 = Release|Any CPU
		{F7B2A295-5C33-4D4A-B02F-D6642FDFFD48}.Release|x86.ActiveCfg = Release|Any CPU
		{F7B2A295-5C33-4D4A-B02F-D6642FDFFD48}.Release|x86.Build.0 = Release|Any CPU
		{F43679C3-8A4D-4A75-AB35-DB62592A1F7F}.Debug|Any CPU.ActiveCfg = Debug|Any CPU
		{F43679C3-8A4D-4A75-AB35-DB62592A1F7F}.Debug|Any CPU.Build.0 = Debug|Any CPU
		{F43679C3-8A4D-4A75-AB35-DB62592A1F7F}.Debug|x64.ActiveCfg = Debug|Any CPU
		{F43679C3-8A4D-4A75-AB35-DB62592A1F7F}.Debug|x64.Build.0 = Debug|Any CPU
		{F43679C3-8A4D-4A75-AB35-DB62592A1F7F}.Debug|x86.ActiveCfg = Debug|Any CPU
		{F43679C3-8A4D-4A75-AB35-DB62592A1F7F}.Debug|x86.Build.0 = Debug|Any CPU
		{F43679C3-8A4D-4A75-AB35-DB62592A1F7F}.Release|Any CPU.ActiveCfg = Release|Any CPU
		{F43679C3-8A4D-4A75-AB35-DB62592A1F7F}.Release|Any CPU.Build.0 = Release|Any CPU
		{F43679C3-8A4D-4A75-AB35-DB62592A1F7F}.Release|x64.ActiveCfg = Release|Any CPU
		{F43679C3-8A4D-4A75-AB35-DB62592A1F7F}.Release|x64.Build.0 = Release|Any CPU
		{F43679C3-8A4D-4A75-AB35-DB62592A1F7F}.Release|x86.ActiveCfg = Release|Any CPU
		{F43679C3-8A4D-4A75-AB35-DB62592A1F7F}.Release|x86.Build.0 = Release|Any CPU
		{5D085972-34EC-478B-AEAD-9531C01484DB}.Debug|Any CPU.ActiveCfg = Debug|Any CPU
		{5D085972-34EC-478B-AEAD-9531C01484DB}.Debug|Any CPU.Build.0 = Debug|Any CPU
		{5D085972-34EC-478B-AEAD-9531C01484DB}.Debug|x64.ActiveCfg = Debug|Any CPU
		{5D085972-34EC-478B-AEAD-9531C01484DB}.Debug|x64.Build.0 = Debug|Any CPU
		{5D085972-34EC-478B-AEAD-9531C01484DB}.Debug|x86.ActiveCfg = Debug|Any CPU
		{5D085972-34EC-478B-AEAD-9531C01484DB}.Debug|x86.Build.0 = Debug|Any CPU
		{5D085972-34EC-478B-AEAD-9531C01484DB}.Release|Any CPU.ActiveCfg = Release|Any CPU
		{5D085972-34EC-478B-AEAD-9531C01484DB}.Release|Any CPU.Build.0 = Release|Any CPU
		{5D085972-34EC-478B-AEAD-9531C01484DB}.Release|x64.ActiveCfg = Release|Any CPU
		{5D085972-34EC-478B-AEAD-9531C01484DB}.Release|x64.Build.0 = Release|Any CPU
		{5D085972-34EC-478B-AEAD-9531C01484DB}.Release|x86.ActiveCfg = Release|Any CPU
		{5D085972-34EC-478B-AEAD-9531C01484DB}.Release|x86.Build.0 = Release|Any CPU
		{33C308F0-CE93-4A94-B696-8142E08585AF}.Debug|Any CPU.ActiveCfg = Debug|Any CPU
		{33C308F0-CE93-4A94-B696-8142E08585AF}.Debug|Any CPU.Build.0 = Debug|Any CPU
		{33C308F0-CE93-4A94-B696-8142E08585AF}.Debug|x64.ActiveCfg = Debug|Any CPU
		{33C308F0-CE93-4A94-B696-8142E08585AF}.Debug|x64.Build.0 = Debug|Any CPU
		{33C308F0-CE93-4A94-B696-8142E08585AF}.Debug|x86.ActiveCfg = Debug|Any CPU
		{33C308F0-CE93-4A94-B696-8142E08585AF}.Debug|x86.Build.0 = Debug|Any CPU
		{33C308F0-CE93-4A94-B696-8142E08585AF}.Release|Any CPU.ActiveCfg = Release|Any CPU
		{33C308F0-CE93-4A94-B696-8142E08585AF}.Release|Any CPU.Build.0 = Release|Any CPU
		{33C308F0-CE93-4A94-B696-8142E08585AF}.Release|x64.ActiveCfg = Release|Any CPU
		{33C308F0-CE93-4A94-B696-8142E08585AF}.Release|x64.Build.0 = Release|Any CPU
		{33C308F0-CE93-4A94-B696-8142E08585AF}.Release|x86.ActiveCfg = Release|Any CPU
		{33C308F0-CE93-4A94-B696-8142E08585AF}.Release|x86.Build.0 = Release|Any CPU
	EndGlobalSection
	GlobalSection(SolutionProperties) = preSolution
		HideSolutionNode = FALSE
	EndGlobalSection
	GlobalSection(NestedProjects) = preSolution
		{9B8607AC-1020-4ECB-83FA-B142E2C90211} = {827E0CD3-B72D-47B6-A68D-7590B98EB39B}
		{A9874EC5-3627-491A-AE07-09D4EBA63106} = {0AB3BF05-4346-4AA6-1389-037BE0695223}
		{15C0A049-2241-4236-9823-E633AE3AAB95} = {0AB3BF05-4346-4AA6-1389-037BE0695223}
		{EBE9FCA6-5C41-4E7B-8CC6-561D032163B5} = {0AB3BF05-4346-4AA6-1389-037BE0695223}
		{F7B2A295-5C33-4D4A-B02F-D6642FDFFD48} = {827E0CD3-B72D-47B6-A68D-7590B98EB39B}
		{F43679C3-8A4D-4A75-AB35-DB62592A1F7F} = {827E0CD3-B72D-47B6-A68D-7590B98EB39B}
		{5D085972-34EC-478B-AEAD-9531C01484DB} = {827E0CD3-B72D-47B6-A68D-7590B98EB39B}
		{33C308F0-CE93-4A94-B696-8142E08585AF} = {827E0CD3-B72D-47B6-A68D-7590B98EB39B}
	EndGlobalSection
EndGlobal
